{
  "nodes": {
    "nix-index-database": {
      "inputs": {
        "nixpkgs": [
          "nixpkgs"
        ]
      },
      "locked": {
        "lastModified": 1774762074,
        "narHash": "sha256-89Mh4Eb/5stVJX6kGagVMijcU2FmfeD8Qv7UXc5d92o=",
        "owner": "nix-community",
        "repo": "nix-index-database",
        "rev": "bc13aeaed568be76eab84df88ff39261bb52ff70",
        "type": "github"
      },
      "original": {
        "owner": "nix-community",
        "repo": "nix-index-database",
        "type": "github"
      }
    },
    "nixos-hardware": {
      "locked": {
        "lastModified": 1774933469,
        "narHash": "sha256-OrnCQeUO2bqaWUl0lkDWyGWjKsOhtCyd7JSfTedQNUE=",
        "owner": "NixOS",
        "repo": "nixos-hardware",
        "rev": "f4c4c2c0c923d7811ac2a63ccc154767e4195337",
        "type": "github"
      },
      "original": {
        "owner": "NixOS",
        "ref": "master",
        "repo": "nixos-hardware",
        "type": "github"
      }
    },
    "nixpkgs": {
      "locked": {
        "lastModified": 1774709303,
        "narHash": "sha256-D3Q07BbIA2KnTcSXIqqu9P586uWxN74zNoCH3h2ESHg=",
        "owner": "NixOS",
        "repo": "nixpkgs",
        "rev": "8110df5ad7abf5d4c0f6fb0f8f978390e77f9685",
        "type": "github"
      },
      "original": {
        "owner": "NixOS",
        "ref": "nixos-unstable",
        "repo": "nixpkgs",
        "type": "github"
      }
    },
    "root": {
      "inputs": {
        "nix-index-database": "nix-index-database",
        "nixos-hardware": "nixos-hardware",
        "nixpkgs": "nixpkgs"
      }
    }
  },
  "root": "root",
  "version": 7
}
